
Microsoft Visual Studio Solution File, Format Version 12.00
# Visual Studio Version 16
VisualStudioVersion = 16.0.30011.22
MinimumVisualStudioVersion = 10.0.40219.1
Project("{FAE04EC0-301F-11D3-BF4B-00C04F79EFBC}") = "MusicShop", "MusicShop\MusicShop.csproj", "{754EA130-D224-4642-AF23-87E251CB54D8}"
EndProject
Global
	GlobalSection(SolutionConfigurationPlatforms) = preSolution
		Debug|Any CPU = Debug|Any CPU
		Release|Any CPU = Release|Any CPU
	EndGlobalSection
	GlobalSection(ProjectConfigurationPlatforms) = postSolution
		{754EA130-D224-4642-AF23-87E251CB54D8}.Debug|Any CPU.ActiveCfg = Debug|Any CPU
		{754EA130-D224-4642-AF23-87E251CB54D8}.Debug|Any CPU.Build.0 = Debug|Any CPU
		{754EA130-D224-4642-AF23-87E251CB54D8}.Release|Any CPU.ActiveCfg = Release|Any CPU
		{754EA130-D224-4642-AF23-87E251CB54D8}.Release|Any CPU.Build.0 = Release|Any CPU
	EndGlobalSection
	GlobalSection(SolutionProperties) = preSolution
		HideSolutionNode = FALSE
	EndGlobalSection
	GlobalSection(ExtensibilityGlobals) = postSolution
		SolutionGuid = {87B5B846-B462-446E-B843-8EC2ADB8A5B2}
	EndGlobalSection
EndGlobal
